
Microsoft Visual Studio Solution File, Format Version 12.00
# Visual Studio Version 17
VisualStudioVersion = 17.3.32922.545
MinimumVisualStudioVersion = 10.0.40219.1
Project("{FAE04EC0-301F-11D3-BF4B-00C04F79EFBC}") = "Week-5", "Week-5.csproj", "{0C6470ED-E0F2-4676-ACDB-2DFD82C2BD02}"
EndProject
Global
	GlobalSection(SolutionConfigurationPlatforms) = preSolution
		Debug|Any CPU = Debug|Any CPU
		Release|Any CPU = Release|Any CPU
	EndGlobalSection
	GlobalSection(ProjectConfigurationPlatforms) = postSolution
		{0C6470ED-E0F2-4676-ACDB-2DFD82C2BD02}.Debug|Any CPU.ActiveCfg = Debug|Any CPU
		{0C6470ED-E0F2-4676-ACDB-2DFD82C2BD02}.Debug|Any CPU.Build.0 = Debug|Any CPU
		{0C6470ED-E0F2-4676-ACDB-2DFD82C2BD02}.Release|Any CPU.ActiveCfg = Release|Any CPU
		{0C6470ED-E0F2-4676-ACDB-2DFD82C2BD02}.Release|Any CPU.Build.0 = Release|Any CPU
	EndGlobalSection
	GlobalSection(SolutionProperties) = preSolution
		HideSolutionNode = FALSE
	EndGlobalSection
	GlobalSection(ExtensibilityGlobals) = postSolution
		SolutionGuid = {4255B5F2-C0A2-4F47-903D-E9EBB6516839}
	EndGlobalSection
EndGlobal
